// !$*UTF8*$!
{
	archiveVersion = 1;
	classes = {
	};
	objectVersion = 51;
	objects = {

/* Begin PBXBuildFile section */
		0AC7E86225685830005E3DAC /* AppDelegate.swift in Sources */ = {isa = PBXBuildFile; fileRef = 0AC7E86125685830005E3DAC /* AppDelegate.swift */; };
		0AC7E86425685830005E3DAC /* SceneDelegate.swift in Sources */ = {isa = PBXBuildFile; fileRef = 0AC7E86325685830005E3DAC /* SceneDelegate.swift */; };
		0AC7E86625685830005E3DAC /* ViewController.swift in Sources */ = {isa = PBXBuildFile; fileRef = 0AC7E86525685830005E3DAC /* ViewController.swift */; };
		0AC7E86925685830005E3DAC /* Main.storyboard in Resources */ = {isa = PBXBuildFile; fileRef = 0AC7E86725685830005E3DAC /* Main.storyboard */; };
		0AC7E86B25685835005E3DAC /* Assets.xcassets in Resources */ = {isa = PBXBuildFile; fileRef = 0AC7E86A25685835005E3DAC /* Assets.xcassets */; };
		0AC7E86E25685835005E3DAC /* LaunchScreen.storyboard in Resources */ = {isa = PBXBuildFile; fileRef = 0AC7E86C25685835005E3DAC /* LaunchScreen.storyboard */; };
		0AC7E87625685D7A005E3DAC /* GoogleService-Info.plist in Resources */ = {isa = PBXBuildFile; fileRef = 0AC7E87525685D7A005E3DAC /* GoogleService-Info.plist */; };
		0AC7E87825686269005E3DAC /* AuthViewController.swift in Sources */ = {isa = PBXBuildFile; fileRef = 0AC7E87725686269005E3DAC /* AuthViewController.swift */; };
		0AC7E87A2568628B005E3DAC /* SignInViewController.swift in Sources */ = {isa = PBXBuildFile; fileRef = 0AC7E8792568628B005E3DAC /* SignInViewController.swift */; };
		0AC7E87C256862A4005E3DAC /* LoginViewController.swift in Sources */ = {isa = PBXBuildFile; fileRef = 0AC7E87B256862A4005E3DAC /* LoginViewController.swift */; };
		0AC7E87E256862C1005E3DAC /* PageViewController.swift in Sources */ = {isa = PBXBuildFile; fileRef = 0AC7E87D256862C1005E3DAC /* PageViewController.swift */; };
		664429D1258BACD800938C36 /* ArticleViewController.swift in Sources */ = {isa = PBXBuildFile; fileRef = 664429D0258BACD800938C36 /* ArticleViewController.swift */; };
		66B38959257AF18000B21B4E /* (null) in Embed Frameworks */ = {isa = PBXBuildFile; settings = {ATTRIBUTES = (CodeSignOnCopy, RemoveHeadersOnCopy, ); }; };
		66B389C3257AFFE900B21B4E /* ArticleTableViewCell.swift in Sources */ = {isa = PBXBuildFile; fileRef = 66B389C2257AFFE900B21B4E /* ArticleTableViewCell.swift */; };
		66B389C6257AFFF300B21B4E /* ArticlesTableViewController.swift in Sources */ = {isa = PBXBuildFile; fileRef = 66B389C4257AFFF300B21B4E /* ArticlesTableViewController.swift */; };
		66B389C9257AFFFE00B21B4E /* URL+Extensions.swift in Sources */ = {isa = PBXBuildFile; fileRef = 66B389C8257AFFFE00B21B4E /* URL+Extensions.swift */; };
		66B389CB257B000700B21B4E /* Constants.swift in Sources */ = {isa = PBXBuildFile; fileRef = 66B389CA257B000700B21B4E /* Constants.swift */; };
		66B389CD257B001000B21B4E /* Article.swift in Sources */ = {isa = PBXBuildFile; fileRef = 66B389CC257B001000B21B4E /* Article.swift */; };
		66B389CF257B001800B21B4E /* Parsing.swift in Sources */ = {isa = PBXBuildFile; fileRef = 66B389CE257B001800B21B4E /* Parsing.swift */; };
		66B389D1257B001F00B21B4E /* ArticlesModel.swift in Sources */ = {isa = PBXBuildFile; fileRef = 66B389D0257B001F00B21B4E /* ArticlesModel.swift */; };
		76E1034B3A6FFBB9C473490F /* Pods_RSSReader.framework in Frameworks */ = {isa = PBXBuildFile; fileRef = E90B745BD6F04F1BFFD828A9 /* Pods_RSSReader.framework */; };
		EB8BAF5A258D401000865543 /* TabController.swift in Sources */ = {isa = PBXBuildFile; fileRef = EB8BAF59258D401000865543 /* TabController.swift */; };
/* End PBXBuildFile section */

/* Begin PBXCopyFilesBuildPhase section */
		66B3895A257AF18000B21B4E /* Embed Frameworks */ = {
			isa = PBXCopyFilesBuildPhase;
			buildActionMask = 2147483647;
			dstPath = "";
			dstSubfolderSpec = 10;
			files = (
				66B38959257AF18000B21B4E /* (null) in Embed Frameworks */,
			);
			name = "Embed Frameworks";
			runOnlyForDeploymentPostprocessing = 0;
		};
/* End PBXCopyFilesBuildPhase section */

/* Begin PBXFileReference section */
		0AC7E85E25685830005E3DAC /* RSSReader.app */ = {isa = PBXFileReference; explicitFileType = wrapper.application; includeInIndex = 0; path = RSSReader.app; sourceTree = BUILT_PRODUCTS_DIR; };
		0AC7E86125685830005E3DAC /* AppDelegate.swift */ = {isa = PBXFileReference; lastKnownFileType = sourcecode.swift; path = AppDelegate.swift; sourceTree = "<group>"; };
		0AC7E86325685830005E3DAC /* SceneDelegate.swift */ = {isa = PBXFileReference; lastKnownFileType = sourcecode.swift; path = SceneDelegate.swift; sourceTree = "<group>"; };
		0AC7E86525685830005E3DAC /* ViewController.swift */ = {isa = PBXFileReference; lastKnownFileType = sourcecode.swift; path = ViewController.swift; sourceTree = "<group>"; };
		0AC7E86825685830005E3DAC /* Base */ = {isa = PBXFileReference; lastKnownFileType = file.storyboard; name = Base; path = Base.lproj/Main.storyboard; sourceTree = "<group>"; };
		0AC7E86A25685835005E3DAC /* Assets.xcassets */ = {isa = PBXFileReference; lastKnownFileType = folder.assetcatalog; path = Assets.xcassets; sourceTree = "<group>"; };
		0AC7E86D25685835005E3DAC /* Base */ = {isa = PBXFileReference; lastKnownFileType = file.storyboard; name = Base; path = Base.lproj/LaunchScreen.storyboard; sourceTree = "<group>"; };
		0AC7E86F25685835005E3DAC /* Info.plist */ = {isa = PBXFileReference; lastKnownFileType = text.plist.xml; path = Info.plist; sourceTree = "<group>"; };
		0AC7E87525685D7A005E3DAC /* GoogleService-Info.plist */ = {isa = PBXFileReference; fileEncoding = 4; lastKnownFileType = text.plist.xml; path = "GoogleService-Info.plist"; sourceTree = "<group>"; };
		0AC7E87725686269005E3DAC /* AuthViewController.swift */ = {isa = PBXFileReference; lastKnownFileType = sourcecode.swift; path = AuthViewController.swift; sourceTree = "<group>"; };
		0AC7E8792568628B005E3DAC /* SignInViewController.swift */ = {isa = PBXFileReference; lastKnownFileType = sourcecode.swift; path = SignInViewController.swift; sourceTree = "<group>"; };
		0AC7E87B256862A4005E3DAC /* LoginViewController.swift */ = {isa = PBXFileReference; lastKnownFileType = sourcecode.swift; path = LoginViewController.swift; sourceTree = "<group>"; };
		0AC7E87D256862C1005E3DAC /* PageViewController.swift */ = {isa = PBXFileReference; lastKnownFileType = sourcecode.swift; path = PageViewController.swift; sourceTree = "<group>"; };
		664429D0258BACD800938C36 /* ArticleViewController.swift */ = {isa = PBXFileReference; fileEncoding = 4; lastKnownFileType = sourcecode.swift; path = ArticleViewController.swift; sourceTree = "<group>"; };
		66B389C2257AFFE900B21B4E /* ArticleTableViewCell.swift */ = {isa = PBXFileReference; fileEncoding = 4; lastKnownFileType = sourcecode.swift; path = ArticleTableViewCell.swift; sourceTree = "<group>"; };
		66B389C4257AFFF300B21B4E /* ArticlesTableViewController.swift */ = {isa = PBXFileReference; fileEncoding = 4; lastKnownFileType = sourcecode.swift; path = ArticlesTableViewController.swift; sourceTree = "<group>"; };
		66B389C8257AFFFE00B21B4E /* URL+Extensions.swift */ = {isa = PBXFileReference; fileEncoding = 4; lastKnownFileType = sourcecode.swift; path = "URL+Extensions.swift"; sourceTree = "<group>"; };
		66B389CA257B000700B21B4E /* Constants.swift */ = {isa = PBXFileReference; fileEncoding = 4; lastKnownFileType = sourcecode.swift; path = Constants.swift; sourceTree = "<group>"; };
		66B389CC257B001000B21B4E /* Article.swift */ = {isa = PBXFileReference; fileEncoding = 4; lastKnownFileType = sourcecode.swift; path = Article.swift; sourceTree = "<group>"; };
		66B389CE257B001800B21B4E /* Parsing.swift */ = {isa = PBXFileReference; fileEncoding = 4; lastKnownFileType = sourcecode.swift; path = Parsing.swift; sourceTree = "<group>"; };
		66B389D0257B001F00B21B4E /* ArticlesModel.swift */ = {isa = PBXFileReference; fileEncoding = 4; lastKnownFileType = sourcecode.swift; path = ArticlesModel.swift; sourceTree = "<group>"; };
		6E8118812AB30BC229E352DA /* Pods-RSSReader.release.xcconfig */ = {isa = PBXFileReference; includeInIndex = 1; lastKnownFileType = text.xcconfig; name = "Pods-RSSReader.release.xcconfig"; path = "Target Support Files/Pods-RSSReader/Pods-RSSReader.release.xcconfig"; sourceTree = "<group>"; };
		E90B745BD6F04F1BFFD828A9 /* Pods_RSSReader.framework */ = {isa = PBXFileReference; explicitFileType = wrapper.framework; includeInIndex = 0; path = Pods_RSSReader.framework; sourceTree = BUILT_PRODUCTS_DIR; };
		EB8BAF59258D401000865543 /* TabController.swift */ = {isa = PBXFileReference; lastKnownFileType = sourcecode.swift; path = TabController.swift; sourceTree = "<group>"; };
		EF6FA2DFAB7656FDB840857D /* Pods-RSSReader.debug.xcconfig */ = {isa = PBXFileReference; includeInIndex = 1; lastKnownFileType = text.xcconfig; name = "Pods-RSSReader.debug.xcconfig"; path = "Target Support Files/Pods-RSSReader/Pods-RSSReader.debug.xcconfig"; sourceTree = "<group>"; };
/* End PBXFileReference section */

/* Begin PBXFrameworksBuildPhase section */
		0AC7E85B25685830005E3DAC /* Frameworks */ = {
			isa = PBXFrameworksBuildPhase;
			buildActionMask = 2147483647;
			files = (
				76E1034B3A6FFBB9C473490F /* Pods_RSSReader.framework in Frameworks */,
			);
			runOnlyForDeploymentPostprocessing = 0;
		};
/* End PBXFrameworksBuildPhase section */

/* Begin PBXGroup section */
		0AC7E85525685830005E3DAC = {
			isa = PBXGroup;
			children = (
				0AC7E86025685830005E3DAC /* RSSReader */,
				0AC7E85F25685830005E3DAC /* Products */,
				E998EE6151377342B006B7FD /* Pods */,
				931EACC2DC11F999F0E4FE5A /* Frameworks */,
			);
			sourceTree = "<group>";
		};
		0AC7E85F25685830005E3DAC /* Products */ = {
			isa = PBXGroup;
			children = (
				0AC7E85E25685830005E3DAC /* RSSReader.app */,
			);
			name = Products;
			sourceTree = "<group>";
		};
		0AC7E86025685830005E3DAC /* RSSReader */ = {
			isa = PBXGroup;
			children = (
				66B389C2257AFFE900B21B4E /* ArticleTableViewCell.swift */,
				66B389D2257B108400B21B4E /* Storyboards */,
				66B389CA257B000700B21B4E /* Constants.swift */,
				66B389D3257B10A500B21B4E /* View Controllers */,
				66B389D5257B111000B21B4E /* Models */,
				66B389D4257B10E400B21B4E /* Utils */,
				0AC7E86125685830005E3DAC /* AppDelegate.swift */,
				0AC7E86325685830005E3DAC /* SceneDelegate.swift */,
				0AC7E86A25685835005E3DAC /* Assets.xcassets */,
				0AC7E86F25685835005E3DAC /* Info.plist */,
				0AC7E87525685D7A005E3DAC /* GoogleService-Info.plist */,
			);
			path = RSSReader;
			sourceTree = "<group>";
		};
		66B389D2257B108400B21B4E /* Storyboards */ = {
			isa = PBXGroup;
			children = (
				0AC7E86725685830005E3DAC /* Main.storyboard */,
				0AC7E86C25685835005E3DAC /* LaunchScreen.storyboard */,
			);
			path = Storyboards;
			sourceTree = "<group>";
		};
		66B389D3257B10A500B21B4E /* View Controllers */ = {
			isa = PBXGroup;
			children = (
				0AC7E86525685830005E3DAC /* ViewController.swift */,
				0AC7E87725686269005E3DAC /* AuthViewController.swift */,
				0AC7E8792568628B005E3DAC /* SignInViewController.swift */,
				0AC7E87B256862A4005E3DAC /* LoginViewController.swift */,
				0AC7E87D256862C1005E3DAC /* PageViewController.swift */,
				66B389C4257AFFF300B21B4E /* ArticlesTableViewController.swift */,
				664429D0258BACD800938C36 /* ArticleViewController.swift */,
				EB8BAF59258D401000865543 /* TabController.swift */,
			);
			path = "View Controllers";
			sourceTree = "<group>";
		};
		66B389D4257B10E400B21B4E /* Utils */ = {
			isa = PBXGroup;
			children = (
				66B389C8257AFFFE00B21B4E /* URL+Extensions.swift */,
				66B389CE257B001800B21B4E /* Parsing.swift */,
			);
			path = Utils;
			sourceTree = "<group>";
		};
		66B389D5257B111000B21B4E /* Models */ = {
			isa = PBXGroup;
			children = (
				66B389CC257B001000B21B4E /* Article.swift */,
				66B389D0257B001F00B21B4E /* ArticlesModel.swift */,
			);
			path = Models;
			sourceTree = "<group>";
		};
		931EACC2DC11F999F0E4FE5A /* Frameworks */ = {
			isa = PBXGroup;
			children = (
				E90B745BD6F04F1BFFD828A9 /* Pods_RSSReader.framework */,
			);
			name = Frameworks;
			sourceTree = "<group>";
		};
		E998EE6151377342B006B7FD /* Pods */ = {
			isa = PBXGroup;
			children = (
				EF6FA2DFAB7656FDB840857D /* Pods-RSSReader.debug.xcconfig */,
				6E8118812AB30BC229E352DA /* Pods-RSSReader.release.xcconfig */,
			);
			path = Pods;
			sourceTree = "<group>";
		};
/* End PBXGroup section */

/* Begin PBXNativeTarget section */
		0AC7E85D25685830005E3DAC /* RSSReader */ = {
			isa = PBXNativeTarget;
			buildConfigurationList = 0AC7E87225685835005E3DAC /* Build configuration list for PBXNativeTarget "RSSReader" */;
			buildPhases = (
				97BDFCD9FA613BA05B1B5F9B /* [CP] Check Pods Manifest.lock */,
				0AC7E85A25685830005E3DAC /* Sources */,
				0AC7E85B25685830005E3DAC /* Frameworks */,
				0AC7E85C25685830005E3DAC /* Resources */,
				66B3895A257AF18000B21B4E /* Embed Frameworks */,
				42681E1B2C77797F47958CB2 /* [CP] Embed Pods Frameworks */,
			);
			buildRules = (
			);
			dependencies = (
			);
			name = RSSReader;
			productName = RSSReader;
			productReference = 0AC7E85E25685830005E3DAC /* RSSReader.app */;
			productType = "com.apple.product-type.application";
		};
/* End PBXNativeTarget section */

/* Begin PBXProject section */
		0AC7E85625685830005E3DAC /* Project object */ = {
			isa = PBXProject;
			attributes = {
				LastSwiftUpdateCheck = 1150;
				LastUpgradeCheck = 1220;
				ORGANIZATIONNAME = "Olesia Martinyuk";
				TargetAttributes = {
					0AC7E85D25685830005E3DAC = {
						CreatedOnToolsVersion = 11.5;
					};
				};
			};
			buildConfigurationList = 0AC7E85925685830005E3DAC /* Build configuration list for PBXProject "RSSReader" */;
			compatibilityVersion = "Xcode 9.3";
			developmentRegion = en;
			hasScannedForEncodings = 0;
			knownRegions = (
				en,
				Base,
			);
			mainGroup = 0AC7E85525685830005E3DAC;
			productRefGroup = 0AC7E85F25685830005E3DAC /* Products */;
			projectDirPath = "";
			projectRoot = "";
			targets = (
				0AC7E85D25685830005E3DAC /* RSSReader */,
			);
		};
/* End PBXProject section */

/* Begin PBXResourcesBuildPhase section */
		0AC7E85C25685830005E3DAC /* Resources */ = {
			isa = PBXResourcesBuildPhase;
			buildActionMask = 2147483647;
			files = (
				0AC7E86E25685835005E3DAC /* LaunchScreen.storyboard in Resources */,
				0AC7E87625685D7A005E3DAC /* GoogleService-Info.plist in Resources */,
				0AC7E86B25685835005E3DAC /* Assets.xcassets in Resources */,
				0AC7E86925685830005E3DAC /* Main.storyboard in Resources */,
			);
			runOnlyForDeploymentPostprocessing = 0;
		};
/* End PBXResourcesBuildPhase section */

/* Begin PBXShellScriptBuildPhase section */
		42681E1B2C77797F47958CB2 /* [CP] Embed Pods Frameworks */ = {
			isa = PBXShellScriptBuildPhase;
			buildActionMask = 2147483647;
			files = (
			);
			inputFileListPaths = (
				"${PODS_ROOT}/Target Support Files/Pods-RSSReader/Pods-RSSReader-frameworks-${CONFIGURATION}-input-files.xcfilelist",
			);
			name = "[CP] Embed Pods Frameworks";
			outputFileListPaths = (
				"${PODS_ROOT}/Target Support Files/Pods-RSSReader/Pods-RSSReader-frameworks-${CONFIGURATION}-output-files.xcfilelist",
			);
			runOnlyForDeploymentPostprocessing = 0;
			shellPath = /bin/sh;
			shellScript = "\"${PODS_ROOT}/Target Support Files/Pods-RSSReader/Pods-RSSReader-frameworks.sh\"\n";
			showEnvVarsInLog = 0;
		};
		97BDFCD9FA613BA05B1B5F9B /* [CP] Check Pods Manifest.lock */ = {
			isa = PBXShellScriptBuildPhase;
			buildActionMask = 2147483647;
			files = (
			);
			inputFileListPaths = (
			);
			inputPaths = (
				"${PODS_PODFILE_DIR_PATH}/Podfile.lock",
				"${PODS_ROOT}/Manifest.lock",
			);
			name = "[CP] Check Pods Manifest.lock";
			outputFileListPaths = (
			);
			outputPaths = (
				"$(DERIVED_FILE_DIR)/Pods-RSSReader-checkManifestLockResult.txt",
			);
			runOnlyForDeploymentPostprocessing = 0;
			shellPath = /bin/sh;
			shellScript = "diff \"${PODS_PODFILE_DIR_PATH}/Podfile.lock\" \"${PODS_ROOT}/Manifest.lock\" > /dev/null\nif [ $? != 0 ] ; then\n    # print error to STDERR\n    echo \"error: The sandbox is not in sync with the Podfile.lock. Run 'pod install' or update your CocoaPods installation.\" >&2\n    exit 1\nfi\n# This output is used by Xcode 'outputs' to avoid re-running this script phase.\necho \"SUCCESS\" > \"${SCRIPT_OUTPUT_FILE_0}\"\n";
			showEnvVarsInLog = 0;
		};
/* End PBXShellScriptBuildPhase section */

/* Begin PBXSourcesBuildPhase section */
		0AC7E85A25685830005E3DAC /* Sources */ = {
			isa = PBXSourcesBuildPhase;
			buildActionMask = 2147483647;
			files = (
				66B389CF257B001800B21B4E /* Parsing.swift in Sources */,
				66B389CD257B001000B21B4E /* Article.swift in Sources */,
				66B389C9257AFFFE00B21B4E /* URL+Extensions.swift in Sources */,
				0AC7E87C256862A4005E3DAC /* LoginViewController.swift in Sources */,
				0AC7E87E256862C1005E3DAC /* PageViewController.swift in Sources */,
				0AC7E87825686269005E3DAC /* AuthViewController.swift in Sources */,
				66B389C6257AFFF300B21B4E /* ArticlesTableViewController.swift in Sources */,
				664429D1258BACD800938C36 /* ArticleViewController.swift in Sources */,
				EB8BAF5A258D401000865543 /* TabController.swift in Sources */,
				0AC7E86625685830005E3DAC /* ViewController.swift in Sources */,
				66B389D1257B001F00B21B4E /* ArticlesModel.swift in Sources */,
				66B389C3257AFFE900B21B4E /* ArticleTableViewCell.swift in Sources */,
				0AC7E86225685830005E3DAC /* AppDelegate.swift in Sources */,
				0AC7E87A2568628B005E3DAC /* SignInViewController.swift in Sources */,
				0AC7E86425685830005E3DAC /* SceneDelegate.swift in Sources */,
				66B389CB257B000700B21B4E /* Constants.swift in Sources */,
			);
			runOnlyForDeploymentPostprocessing = 0;
		};
/* End PBXSourcesBuildPhase section */

/* Begin PBXVariantGroup section */
		0AC7E86725685830005E3DAC /* Main.storyboard */ = {
			isa = PBXVariantGroup;
			children = (
				0AC7E86825685830005E3DAC /* Base */,
			);
			name = Main.storyboard;
			sourceTree = "<group>";
		};
		0AC7E86C25685835005E3DAC /* LaunchScreen.storyboard */ = {
			isa = PBXVariantGroup;
			children = (
				0AC7E86D25685835005E3DAC /* Base */,
			);
			name = LaunchScreen.storyboard;
			sourceTree = "<group>";
		};
/* End PBXVariantGroup section */

/* Begin XCBuildConfiguration section */
		0AC7E87025685835005E3DAC /* Debug */ = {
			isa = XCBuildConfiguration;
			buildSettings = {
				ALWAYS_SEARCH_USER_PATHS = NO;
				CLANG_ANALYZER_NONNULL = YES;
				CLANG_ANALYZER_NUMBER_OBJECT_CONVERSION = YES_AGGRESSIVE;
				CLANG_CXX_LANGUAGE_STANDARD = "gnu++14";
				CLANG_CXX_LIBRARY = "libc++";
				CLANG_ENABLE_MODULES = YES;
				CLANG_ENABLE_OBJC_ARC = YES;
				CLANG_ENABLE_OBJC_WEAK = YES;
				CLANG_WARN_BLOCK_CAPTURE_AUTORELEASING = YES;
				CLANG_WARN_BOOL_CONVERSION = YES;
				CLANG_WARN_COMMA = YES;
				CLANG_WARN_CONSTANT_CONVERSION = YES;
				CLANG_WARN_DEPRECATED_OBJC_IMPLEMENTATIONS = YES;
				CLANG_WARN_DIRECT_OBJC_ISA_USAGE = YES_ERROR;
				CLANG_WARN_DOCUMENTATION_COMMENTS = YES;
				CLANG_WARN_EMPTY_BODY = YES;
				CLANG_WARN_ENUM_CONVERSION = YES;
				CLANG_WARN_INFINITE_RECURSION = YES;
				CLANG_WARN_INT_CONVERSION = YES;
				CLANG_WARN_NON_LITERAL_NULL_CONVERSION = YES;
				CLANG_WARN_OBJC_IMPLICIT_RETAIN_SELF = YES;
				CLANG_WARN_OBJC_LITERAL_CONVERSION = YES;
				CLANG_WARN_OBJC_ROOT_CLASS = YES_ERROR;
				CLANG_WARN_QUOTED_INCLUDE_IN_FRAMEWORK_HEADER = YES;
				CLANG_WARN_RANGE_LOOP_ANALYSIS = YES;
				CLANG_WARN_STRICT_PROTOTYPES = YES;
				CLANG_WARN_SUSPICIOUS_MOVE = YES;
				CLANG_WARN_UNGUARDED_AVAILABILITY = YES_AGGRESSIVE;
				CLANG_WARN_UNREACHABLE_CODE = YES;
				CLANG_WARN__DUPLICATE_METHOD_MATCH = YES;
				COPY_PHASE_STRIP = NO;
				DEBUG_INFORMATION_FORMAT = dwarf;
				ENABLE_STRICT_OBJC_MSGSEND = YES;
				ENABLE_TESTABILITY = YES;
				GCC_C_LANGUAGE_STANDARD = gnu11;
				GCC_DYNAMIC_NO_PIC = NO;
				GCC_NO_COMMON_BLOCKS = YES;
				GCC_OPTIMIZATION_LEVEL = 0;
				GCC_PREPROCESSOR_DEFINITIONS = (
					"DEBUG=1",
					"$(inherited)",
				);
				GCC_WARN_64_TO_32_BIT_CONVERSION = YES;
				GCC_WARN_ABOUT_RETURN_TYPE = YES_ERROR;
				GCC_WARN_UNDECLARED_SELECTOR = YES;
				GCC_WARN_UNINITIALIZED_AUTOS = YES_AGGRESSIVE;
				GCC_WARN_UNUSED_FUNCTION = YES;
				GCC_WARN_UNUSED_VARIABLE = YES;
				IPHONEOS_DEPLOYMENT_TARGET = 13.1;
				MTL_ENABLE_DEBUG_INFO = INCLUDE_SOURCE;
				MTL_FAST_MATH = YES;
				ONLY_ACTIVE_ARCH = YES;
				SDKROOT = iphoneos;
				SWIFT_ACTIVE_COMPILATION_CONDITIONS = DEBUG;
				SWIFT_OPTIMIZATION_LEVEL = "-Onone";
			};
			name = Debug;
		};
		0AC7E87125685835005E3DAC /* Release */ = {
			isa = XCBuildConfiguration;
			buildSettings = {
				ALWAYS_SEARCH_USER_PATHS = NO;
				CLANG_ANALYZER_NONNULL = YES;
				CLANG_ANALYZER_NUMBER_OBJECT_CONVERSION = YES_AGGRESSIVE;
				CLANG_CXX_LANGUAGE_STANDARD = "gnu++14";
				CLANG_CXX_LIBRARY = "libc++";
				CLANG_ENABLE_MODULES = YES;
				CLANG_ENABLE_OBJC_ARC = YES;
				CLANG_ENABLE_OBJC_WEAK = YES;
				CLANG_WARN_BLOCK_CAPTURE_AUTORELEASING = YES;
				CLANG_WARN_BOOL_CONVERSION = YES;
				CLANG_WARN_COMMA = YES;
				CLANG_WARN_CONSTANT_CONVERSION = YES;
				CLANG_WARN_DEPRECATED_OBJC_IMPLEMENTATIONS = YES;
				CLANG_WARN_DIRECT_OBJC_ISA_USAGE = YES_ERROR;
				CLANG_WARN_DOCUMENTATION_COMMENTS = YES;
				CLANG_WARN_EMPTY_BODY = YES;
				CLANG_WARN_ENUM_CONVERSION = YES;
				CLANG_WARN_INFINITE_RECURSION = YES;
				CLANG_WARN_INT_CONVERSION = YES;
				CLANG_WARN_NON_LITERAL_NULL_CONVERSION = YES;
				CLANG_WARN_OBJC_IMPLICIT_RETAIN_SELF = YES;
				CLANG_WARN_OBJC_LITERAL_CONVERSION = YES;
				CLANG_WARN_OBJC_ROOT_CLASS = YES_ERROR;
				CLANG_WARN_QUOTED_INCLUDE_IN_FRAMEWORK_HEADER = YES;
				CLANG_WARN_RANGE_LOOP_ANALYSIS = YES;
				CLANG_WARN_STRICT_PROTOTYPES = YES;
				CLANG_WARN_SUSPICIOUS_MOVE = YES;
				CLANG_WARN_UNGUARDED_AVAILABILITY = YES_AGGRESSIVE;
				CLANG_WARN_UNREACHABLE_CODE = YES;
				CLANG_WARN__DUPLICATE_METHOD_MATCH = YES;
				COPY_PHASE_STRIP = NO;
				DEBUG_INFORMATION_FORMAT = "dwarf-with-dsym";
				ENABLE_NS_ASSERTIONS = NO;
				ENABLE_STRICT_OBJC_MSGSEND = YES;
				GCC_C_LANGUAGE_STANDARD = gnu11;
				GCC_NO_COMMON_BLOCKS = YES;
				GCC_WARN_64_TO_32_BIT_CONVERSION = YES;
				GCC_WARN_ABOUT_RETURN_TYPE = YES_ERROR;
				GCC_WARN_UNDECLARED_SELECTOR = YES;
				GCC_WARN_UNINITIALIZED_AUTOS = YES_AGGRESSIVE;
				GCC_WARN_UNUSED_FUNCTION = YES;
				GCC_WARN_UNUSED_VARIABLE = YES;
				IPHONEOS_DEPLOYMENT_TARGET = 13.1;
				MTL_ENABLE_DEBUG_INFO = NO;
				MTL_FAST_MATH = YES;
				ONLY_ACTIVE_ARCH = YES;
				SDKROOT = iphoneos;
				SWIFT_COMPILATION_MODE = wholemodule;
				SWIFT_OPTIMIZATION_LEVEL = "-O";
				VALIDATE_PRODUCT = YES;
			};
			name = Release;
		};
		0AC7E87325685835005E3DAC /* Debug */ = {
			isa = XCBuildConfiguration;
			baseConfigurationReference = EF6FA2DFAB7656FDB840857D /* Pods-RSSReader.debug.xcconfig */;
			buildSettings = {
				ASSETCATALOG_COMPILER_APPICON_NAME = AppIcon;
				CODE_SIGN_STYLE = Automatic;
				DEVELOPMENT_TEAM = 6T759KT3PF;
				EXCLUDED_ARCHS = "";
				INFOPLIST_FILE = RSSReader/Info.plist;
				IPHONEOS_DEPLOYMENT_TARGET = 13.1;
				LD_RUNPATH_SEARCH_PATHS = (
					"$(inherited)",
					"@executable_path/Frameworks",
				);
				PRODUCT_BUNDLE_IDENTIFIER = "HSE-SE-18.RSSReader";
				PRODUCT_NAME = "$(TARGET_NAME)";
				SWIFT_VERSION = 5.0;
				TARGETED_DEVICE_FAMILY = "1,2";
			};
			name = Debug;
		};
		0AC7E87425685835005E3DAC /* Release */ = {
			isa = XCBuildConfiguration;
			baseConfigurationReference = 6E8118812AB30BC229E352DA /* Pods-RSSReader.release.xcconfig */;
			buildSettings = {
				ASSETCATALOG_COMPILER_APPICON_NAME = AppIcon;
				CODE_SIGN_STYLE = Automatic;
				DEVELOPMENT_TEAM = 6T759KT3PF;
				EXCLUDED_ARCHS = "";
				INFOPLIST_FILE = RSSReader/Info.plist;
				IPHONEOS_DEPLOYMENT_TARGET = 13.1;
				LD_RUNPATH_SEARCH_PATHS = (
					"$(inherited)",
					"@executable_path/Frameworks",
				);
				ONLY_ACTIVE_ARCH = YES;
				PRODUCT_BUNDLE_IDENTIFIER = "HSE-SE-18.RSSReader";
				PRODUCT_NAME = "$(TARGET_NAME)";
				SWIFT_VERSION = 5.0;
				TARGETED_DEVICE_FAMILY = "1,2";
			};
			name = Release;
		};
/* End XCBuildConfiguration section */

/* Begin XCConfigurationList section */
		0AC7E85925685830005E3DAC /* Build configuration list for PBXProject "RSSReader" */ = {
			isa = XCConfigurationList;
			buildConfigurations = (
				0AC7E87025685835005E3DAC /* Debug */,
				0AC7E87125685835005E3DAC /* Release */,
			);
			defaultConfigurationIsVisible = 0;
			defaultConfigurationName = Release;
		};
		0AC7E87225685835005E3DAC /* Build configuration list for PBXNativeTarget "RSSReader" */ = {
			isa = XCConfigurationList;
			buildConfigurations = (
				0AC7E87325685835005E3DAC /* Debug */,
				0AC7E87425685835005E3DAC /* Release */,
			);
			defaultConfigurationIsVisible = 0;
			defaultConfigurationName = Release;
		};
/* End XCConfigurationList section */
	};
	rootObject = 0AC7E85625685830005E3DAC /* Project object */;
}
